
Microsoft Visual Studio Solution File, Format Version 12.00
# Visual Studio Version 17
VisualStudioVersion = 17.4.33213.308
MinimumVisualStudioVersion = 10.0.40219.1
Project("{FAE04EC0-301F-11D3-BF4B-00C04F79EFBC}") = "CRUDBlazor", "CRUDBlazor\CRUDBlazor.csproj", "{C8D347FE-E13C-4069-B86A-D106BC662AEC}"
EndProject
Global
	GlobalSection(SolutionConfigurationPlatforms) = preSolution
		Debug|Any CPU = Debug|Any CPU
		Release|Any CPU = Release|Any CPU
	EndGlobalSection
	GlobalSection(ProjectConfigurationPlatforms) = postSolution
		{C8D347FE-E13C-4069-B86A-D106BC662AEC}.Debug|Any CPU.ActiveCfg = Debug|Any CPU
		{C8D347FE-E13C-4069-B86A-D106BC662AEC}.Debug|Any CPU.Build.0 = Debug|Any CPU
		{C8D347FE-E13C-4069-B86A-D106BC662AEC}.Release|Any CPU.ActiveCfg = Release|Any CPU
		{C8D347FE-E13C-4069-B86A-D106BC662AEC}.Release|Any CPU.Build.0 = Release|Any CPU
	EndGlobalSection
	GlobalSection(SolutionProperties) = preSolution
		HideSolutionNode = FALSE
	EndGlobalSection
	GlobalSection(ExtensibilityGlobals) = postSolution
		SolutionGuid = {3A043D7F-BCA1-41B1-BE04-F56D3507BA5C}
	EndGlobalSection
EndGlobal
